
Microsoft Visual Studio Solution File, Format Version 12.00
# Visual Studio 15
VisualStudioVersion = 15.0.28307.329
MinimumVisualStudioVersion = 10.0.40219.1
Project("{FAE04EC0-301F-11D3-BF4B-00C04F79EFBC}") = "WavInfo", "WavInfo\WavInfo.csproj", "{E886455A-CD24-4BAA-88D4-4BCE7C7B7D59}"
EndProject
Project("{FAE04EC0-301F-11D3-BF4B-00C04F79EFBC}") = "WaveReader", "WaveReader\WaveReader.csproj", "{6F9CD64E-9775-4C48-8F07-BABBE05206BA}"
EndProject
Global
	GlobalSection(SolutionConfigurationPlatforms) = preSolution
		Debug|Any CPU = Debug|Any CPU
		Release|Any CPU = Release|Any CPU
	EndGlobalSection
	GlobalSection(ProjectConfigurationPlatforms) = postSolution
		{E886455A-CD24-4BAA-88D4-4BCE7C7B7D59}.Debug|Any CPU.ActiveCfg = Debug|x86
		{E886455A-CD24-4BAA-88D4-4BCE7C7B7D59}.Debug|Any CPU.Build.0 = Debug|x86
		{E886455A-CD24-4BAA-88D4-4BCE7C7B7D59}.Release|Any CPU.ActiveCfg = Release|x86
		{6F9CD64E-9775-4C48-8F07-BABBE05206BA}.Debug|Any CPU.ActiveCfg = Debug|Any CPU
		{6F9CD64E-9775-4C48-8F07-BABBE05206BA}.Debug|Any CPU.Build.0 = Debug|Any CPU
		{6F9CD64E-9775-4C48-8F07-BABBE05206BA}.Release|Any CPU.ActiveCfg = Release|Any CPU
		{6F9CD64E-9775-4C48-8F07-BABBE05206BA}.Release|Any CPU.Build.0 = Release|Any CPU
	EndGlobalSection
	GlobalSection(SolutionProperties) = preSolution
		HideSolutionNode = FALSE
	EndGlobalSection
	GlobalSection(ExtensibilityGlobals) = postSolution
		SolutionGuid = {5D5EA5CD-94A2-455E-ACF4-E1C1A8F97B74}
	EndGlobalSection
	GlobalSection(SubversionScc) = preSolution
		Svn-Managed = True
		Manager = AnkhSVN - Subversion Support for Visual Studio
	EndGlobalSection
EndGlobal
